{
  "nodes": {
    "nixCats": {
      "locked": {
        "lastModified": 1731850328,
        "narHash": "sha256-utmKx8EQfQgkgQFe0lvfl5iULph8Gqg5lq/2A6jQcHc=",
        "owner": "BirdeeHub",
        "repo": "nixCats-nvim",
        "rev": "0cc221e534655b9650bb9318a2dd19699dd7f127",
        "type": "github"
      },
      "original": {
        "owner": "BirdeeHub",
        "repo": "nixCats-nvim",
        "type": "github"
      }
    },
    "nixpkgs": {
      "locked": {
        "lastModified": 1731816655,
        "narHash": "sha256-55e1JMAuYvHZs9EICprWgJ4RmaWwDuSjzJ5K7S7zb6w=",
        "owner": "nixos",
        "repo": "nixpkgs",
        "rev": "0a14706530dcb90acecb81ce0da219d88baaae75",
        "type": "github"
      },
      "original": {
        "owner": "nixos",
        "ref": "nixpkgs-unstable",
        "repo": "nixpkgs",
        "type": "github"
      }
    },
    "nixpkgs_2": {
      "locked": {
        "lastModified": 1726871744,
        "narHash": "sha256-V5LpfdHyQkUF7RfOaDPrZDP+oqz88lTJrMT1+stXNwo=",
        "owner": "nixos",
        "repo": "nixpkgs",
        "rev": "a1d92660c6b3b7c26fb883500a80ea9d33321be2",
        "type": "github"
      },
      "original": {
        "owner": "nixos",
        "ref": "nixpkgs-unstable",
        "repo": "nixpkgs",
        "type": "github"
      }
    },
    "root": {
      "inputs": {
        "nixCats": "nixCats",
        "nixpkgs": "nixpkgs",
        "systems": "systems",
        "treefmt-nix": "treefmt-nix"
      }
    },
    "systems": {
      "locked": {
        "lastModified": 1681028828,
        "narHash": "sha256-Vy1rq5AaRuLzOxct8nz4T6wlgyUR7zLU309k9mBC768=",
        "owner": "nix-systems",
        "repo": "default",
        "rev": "da67096a3b9bf56a91d16901293e51ba5b49a27e",
        "type": "github"
      },
      "original": {
        "id": "systems",
        "type": "indirect"
      }
    },
    "treefmt-nix": {
      "inputs": {
        "nixpkgs": "nixpkgs_2"
      },
      "locked": {
        "lastModified": 1730321837,
        "narHash": "sha256-vK+a09qq19QNu2MlLcvN4qcRctJbqWkX7ahgPZ/+maI=",
        "owner": "numtide",
        "repo": "treefmt-nix",
        "rev": "746901bb8dba96d154b66492a29f5db0693dbfcc",
        "type": "github"
      },
      "original": {
        "owner": "numtide",
        "repo": "treefmt-nix",
        "type": "github"
      }
    }
  },
  "root": "root",
  "version": 7
}
