{
  "nodes": {
    "nixCats": {
      "locked": {
        "dir": "nix",
        "lastModified": 1727835465,
        "narHash": "sha256-Sj/eP/K/MHxp6K/ZqAYGY7cT+iyebf3P5HTnS/mLFCM=",
        "owner": "BirdeeHub",
        "repo": "nixCats-nvim",
        "rev": "b02e9655894c402e9398369b94fab57d2bf5f359",
        "type": "github"
      },
      "original": {
        "dir": "nix",
        "owner": "BirdeeHub",
        "repo": "nixCats-nvim",
        "type": "github"
      }
    },
    "nixpkgs": {
      "locked": {
        "lastModified": 1728093190,
        "narHash": "sha256-CAZF2NRuHmqTtRTNAruWpHA43Gg2UvuCNEIzabP0l6M=",
        "owner": "nixos",
        "repo": "nixpkgs",
        "rev": "e2f08f4d8b3ecb5cf5c9fd9cb2d53bb3c71807da",
        "type": "github"
      },
      "original": {
        "owner": "nixos",
        "ref": "nixpkgs-unstable",
        "repo": "nixpkgs",
        "type": "github"
      }
    },
    "root": {
      "inputs": {
        "nixCats": "nixCats",
        "nixpkgs": "nixpkgs"
      }
    }
  },
  "root": "root",
  "version": 7
}
